
Microsoft Visual Studio Solution File, Format Version 12.00
# Visual Studio 15
VisualStudioVersion = 15.0.28010.2016
MinimumVisualStudioVersion = 10.0.40219.1
Project("{FAE04EC0-301F-11D3-BF4B-00C04F79EFBC}") = "WinformsSqlSyncTest", "WinformsSqlSyncTest\WinformsSqlSyncTest.csproj", "{9A8DB78D-5D7E-4CB9-A522-AA9E1D2BD730}"
EndProject
Global
	GlobalSection(SolutionConfigurationPlatforms) = preSolution
		Debug|Any CPU = Debug|Any CPU
		Release|Any CPU = Release|Any CPU
	EndGlobalSection
	GlobalSection(ProjectConfigurationPlatforms) = postSolution
		{9A8DB78D-5D7E-4CB9-A522-AA9E1D2BD730}.Debug|Any CPU.ActiveCfg = Debug|Any CPU
		{9A8DB78D-5D7E-4CB9-A522-AA9E1D2BD730}.Debug|Any CPU.Build.0 = Debug|Any CPU
		{9A8DB78D-5D7E-4CB9-A522-AA9E1D2BD730}.Release|Any CPU.ActiveCfg = Release|Any CPU
		{9A8DB78D-5D7E-4CB9-A522-AA9E1D2BD730}.Release|Any CPU.Build.0 = Release|Any CPU
	EndGlobalSection
	GlobalSection(SolutionProperties) = preSolution
		HideSolutionNode = FALSE
	EndGlobalSection
	GlobalSection(ExtensibilityGlobals) = postSolution
		SolutionGuid = {CDEF95F7-632E-4D71-8B7B-5CC7D44AEFDC}
	EndGlobalSection
EndGlobal
